
Microsoft Visual Studio Solution File, Format Version 12.00
# Visual Studio Version 16
VisualStudioVersion = 16.0.30611.23
MinimumVisualStudioVersion = 10.0.40219.1
Project("{FAE04EC0-301F-11D3-BF4B-00C04F79EFBC}") = "task_8_3", "task_8_3\task_8_3.csproj", "{BC713977-D31F-4675-B797-42241AD3891E}"
EndProject
Project("{FAE04EC0-301F-11D3-BF4B-00C04F79EFBC}") = "LibStore", "LibStore\LibStore.csproj", "{769BA9E9-BA4B-4F0F-8E5D-72B548308279}"
EndProject
Global
	GlobalSection(SolutionConfigurationPlatforms) = preSolution
		Debug|Any CPU = Debug|Any CPU
		Release|Any CPU = Release|Any CPU
	EndGlobalSection
	GlobalSection(ProjectConfigurationPlatforms) = postSolution
		{BC713977-D31F-4675-B797-42241AD3891E}.Debug|Any CPU.ActiveCfg = Debug|Any CPU
		{BC713977-D31F-4675-B797-42241AD3891E}.Debug|Any CPU.Build.0 = Debug|Any CPU
		{BC713977-D31F-4675-B797-42241AD3891E}.Release|Any CPU.ActiveCfg = Release|Any CPU
		{BC713977-D31F-4675-B797-42241AD3891E}.Release|Any CPU.Build.0 = Release|Any CPU
		{769BA9E9-BA4B-4F0F-8E5D-72B548308279}.Debug|Any CPU.ActiveCfg = Debug|Any CPU
		{769BA9E9-BA4B-4F0F-8E5D-72B548308279}.Debug|Any CPU.Build.0 = Debug|Any CPU
		{769BA9E9-BA4B-4F0F-8E5D-72B548308279}.Release|Any CPU.ActiveCfg = Release|Any CPU
		{769BA9E9-BA4B-4F0F-8E5D-72B548308279}.Release|Any CPU.Build.0 = Release|Any CPU
	EndGlobalSection
	GlobalSection(SolutionProperties) = preSolution
		HideSolutionNode = FALSE
	EndGlobalSection
	GlobalSection(ExtensibilityGlobals) = postSolution
		SolutionGuid = {A7E5550F-0B26-4B51-8D8F-0718B8479CDA}
	EndGlobalSection
EndGlobal
